
Microsoft Visual Studio Solution File, Format Version 12.00
# Visual Studio Version 17
VisualStudioVersion = 17.7.34221.43
MinimumVisualStudioVersion = 10.0.40219.1
Project("{FAE04EC0-301F-11D3-BF4B-00C04F79EFBC}") = "DiaryProjectCreation2023", "DiaryProjectCreation2023\DiaryProjectCreation2023.csproj", "{14FA8BE6-8C43-4399-B9EE-B809215A14EC}"
EndProject
Global
	GlobalSection(SolutionConfigurationPlatforms) = preSolution
		Debug|Any CPU = Debug|Any CPU
		Release|Any CPU = Release|Any CPU
	EndGlobalSection
	GlobalSection(ProjectConfigurationPlatforms) = postSolution
		{14FA8BE6-8C43-4399-B9EE-B809215A14EC}.Debug|Any CPU.ActiveCfg = Debug|Any CPU
		{14FA8BE6-8C43-4399-B9EE-B809215A14EC}.Debug|Any CPU.Build.0 = Debug|Any CPU
		{14FA8BE6-8C43-4399-B9EE-B809215A14EC}.Release|Any CPU.ActiveCfg = Release|Any CPU
		{14FA8BE6-8C43-4399-B9EE-B809215A14EC}.Release|Any CPU.Build.0 = Release|Any CPU
	EndGlobalSection
	GlobalSection(SolutionProperties) = preSolution
		HideSolutionNode = FALSE
	EndGlobalSection
	GlobalSection(ExtensibilityGlobals) = postSolution
		SolutionGuid = {3BFBE931-C174-4160-B3F2-F3331E510C6D}
	EndGlobalSection
EndGlobal
